// !$*UTF8*$!
{
	archiveVersion = 1;
	classes = {
	};
	objectVersion = 46;
	objects = {

/* Begin PBXBuildFile section */
		4BCB9D881C9D27E500EEF026 /* AppDelegate.swift in Sources */ = {isa = PBXBuildFile; fileRef = 4BCB9D871C9D27E500EEF026 /* AppDelegate.swift */; };
		4BCB9D8A1C9D27E500EEF026 /* ViewController.swift in Sources */ = {isa = PBXBuildFile; fileRef = 4BCB9D891C9D27E500EEF026 /* ViewController.swift */; };
		4BCB9D8D1C9D27E500EEF026 /* Main.storyboard in Resources */ = {isa = PBXBuildFile; fileRef = 4BCB9D8B1C9D27E500EEF026 /* Main.storyboard */; };
		4BCB9D8F1C9D27E500EEF026 /* Assets.xcassets in Resources */ = {isa = PBXBuildFile; fileRef = 4BCB9D8E1C9D27E500EEF026 /* Assets.xcassets */; };
		4BCB9D921C9D27E500EEF026 /* LaunchScreen.storyboard in Resources */ = {isa = PBXBuildFile; fileRef = 4BCB9D901C9D27E500EEF026 /* LaunchScreen.storyboard */; };
/* End PBXBuildFile section */

/* Begin PBXFileReference section */
		4BCB9D841C9D27E500EEF026 /* TouchTracker.app */ = {isa = PBXFileReference; explicitFileType = wrapper.application; includeInIndex = 0; path = TouchTracker.app; sourceTree = BUILT_PRODUCTS_DIR; };
		4BCB9D871C9D27E500EEF026 /* AppDelegate.swift */ = {isa = PBXFileReference; lastKnownFileType = sourcecode.swift; path = AppDelegate.swift; sourceTree = "<group>"; };
		4BCB9D891C9D27E500EEF026 /* ViewController.swift */ = {isa = PBXFileReference; lastKnownFileType = sourcecode.swift; path = ViewController.swift; sourceTree = "<group>"; };
		4BCB9D8C1C9D27E500EEF026 /* Base */ = {isa = PBXFileReference; lastKnownFileType = file.storyboard; name = Base; path = Base.lproj/Main.storyboard; sourceTree = "<group>"; };
		4BCB9D8E1C9D27E500EEF026 /* Assets.xcassets */ = {isa = PBXFileReference; lastKnownFileType = folder.assetcatalog; path = Assets.xcassets; sourceTree = "<group>"; };
		4BCB9D911C9D27E500EEF026 /* Base */ = {isa = PBXFileReference; lastKnownFileType = file.storyboard; name = Base; path = Base.lproj/LaunchScreen.storyboard; sourceTree = "<group>"; };
		4BCB9D931C9D27E500EEF026 /* Info.plist */ = {isa = PBXFileReference; lastKnownFileType = text.plist.xml; path = Info.plist; sourceTree = "<group>"; };
/* End PBXFileReference section */

/* Begin PBXFrameworksBuildPhase section */
		4BCB9D811C9D27E500EEF026 /* Frameworks */ = {
			isa = PBXFrameworksBuildPhase;
			buildActionMask = 2147483647;
			files = (
			);
			runOnlyForDeploymentPostprocessing = 0;
		};
/* End PBXFrameworksBuildPhase section */

/* Begin PBXGroup section */
		4BCB9D7B1C9D27E500EEF026 = {
			isa = PBXGroup;
			children = (
				4BCB9D861C9D27E500EEF026 /* TouchTracker */,
				4BCB9D851C9D27E500EEF026 /* Products */,
			);
			sourceTree = "<group>";
		};
		4BCB9D851C9D27E500EEF026 /* Products */ = {
			isa = PBXGroup;
			children = (
				4BCB9D841C9D27E500EEF026 /* TouchTracker.app */,
			);
			name = Products;
			sourceTree = "<group>";
		};
		4BCB9D861C9D27E500EEF026 /* TouchTracker */ = {
			isa = PBXGroup;
			children = (
				4BCB9D871C9D27E500EEF026 /* AppDelegate.swift */,
				4BCB9D891C9D27E500EEF026 /* ViewController.swift */,
				4BCB9D8B1C9D27E500EEF026 /* Main.storyboard */,
				4BCB9D8E1C9D27E500EEF026 /* Assets.xcassets */,
				4BCB9D901C9D27E500EEF026 /* LaunchScreen.storyboard */,
				4BCB9D931C9D27E500EEF026 /* Info.plist */,
			);
			path = TouchTracker;
			sourceTree = "<group>";
		};
/* End PBXGroup section */

/* Begin PBXNativeTarget section */
		4BCB9D831C9D27E500EEF026 /* TouchTracker */ = {
			isa = PBXNativeTarget;
			buildConfigurationList = 4BCB9D961C9D27E500EEF026 /* Build configuration list for PBXNativeTarget "TouchTracker" */;
			buildPhases = (
				4BCB9D801C9D27E500EEF026 /* Sources */,
				4BCB9D811C9D27E500EEF026 /* Frameworks */,
				4BCB9D821C9D27E500EEF026 /* Resources */,
			);
			buildRules = (
			);
			dependencies = (
			);
			name = TouchTracker;
			productName = TouchTracker;
			productReference = 4BCB9D841C9D27E500EEF026 /* TouchTracker.app */;
			productType = "com.apple.product-type.application";
		};
/* End PBXNativeTarget section */

/* Begin PBXProject section */
		4BCB9D7C1C9D27E500EEF026 /* Project object */ = {
			isa = PBXProject;
			attributes = {
				LastSwiftUpdateCheck = 0720;
				LastUpgradeCheck = 0720;
				ORGANIZATIONNAME = "Jackie Zhang";
				TargetAttributes = {
					4BCB9D831C9D27E500EEF026 = {
						CreatedOnToolsVersion = 7.2.1;
						DevelopmentTeam = 7TXG2EZRXQ;
					};
				};
			};
			buildConfigurationList = 4BCB9D7F1C9D27E500EEF026 /* Build configuration list for PBXProject "TouchTracker" */;
			compatibilityVersion = "Xcode 3.2";
			developmentRegion = English;
			hasScannedForEncodings = 0;
			knownRegions = (
				en,
				Base,
			);
			mainGroup = 4BCB9D7B1C9D27E500EEF026;
			productRefGroup = 4BCB9D851C9D27E500EEF026 /* Products */;
			projectDirPath = "";
			projectRoot = "";
			targets = (
				4BCB9D831C9D27E500EEF026 /* TouchTracker */,
			);
		};
/* End PBXProject section */

/* Begin PBXResourcesBuildPhase section */
		4BCB9D821C9D27E500EEF026 /* Resources */ = {
			isa = PBXResourcesBuildPhase;
			buildActionMask = 2147483647;
			files = (
				4BCB9D921C9D27E500EEF026 /* LaunchScreen.storyboard in Resources */,
				4BCB9D8F1C9D27E500EEF026 /* Assets.xcassets in Resources */,
				4BCB9D8D1C9D27E500EEF026 /* Main.storyboard in Resources */,
			);
			runOnlyForDeploymentPostprocessing = 0;
		};
/* End PBXResourcesBuildPhase section */

/* Begin PBXSourcesBuildPhase section */
		4BCB9D801C9D27E500EEF026 /* Sources */ = {
			isa = PBXSourcesBuildPhase;
			buildActionMask = 2147483647;
			files = (
				4BCB9D8A1C9D27E500EEF026 /* ViewController.swift in Sources */,
				4BCB9D881C9D27E500EEF026 /* AppDelegate.swift in Sources */,
			);
			runOnlyForDeploymentPostprocessing = 0;
		};
/* End PBXSourcesBuildPhase section */

/* Begin PBXVariantGroup section */
		4BCB9D8B1C9D27E500EEF026 /* Main.storyboard */ = {
			isa = PBXVariantGroup;
			children = (
				4BCB9D8C1C9D27E500EEF026 /* Base */,
			);
			name = Main.storyboard;
			sourceTree = "<group>";
		};
		4BCB9D901C9D27E500EEF026 /* LaunchScreen.storyboard */ = {
			isa = PBXVariantGroup;
			children = (
				4BCB9D911C9D27E500EEF026 /* Base */,
			);
			name = LaunchScreen.storyboard;
			sourceTree = "<group>";
		};
/* End PBXVariantGroup section */

/* Begin XCBuildConfiguration section */
		4BCB9D941C9D27E500EEF026 /* Debug */ = {
			isa = XCBuildConfiguration;
			buildSettings = {
				ALWAYS_SEARCH_USER_PATHS = NO;
				CLANG_CXX_LANGUAGE_STANDARD = "gnu++0x";
				CLANG_CXX_LIBRARY = "libc++";
				CLANG_ENABLE_MODULES = YES;
				CLANG_ENABLE_OBJC_ARC = YES;
				CLANG_WARN_BOOL_CONVERSION = YES;
				CLANG_WARN_CONSTANT_CONVERSION = YES;
				CLANG_WARN_DIRECT_OBJC_ISA_USAGE = YES_ERROR;
				CLANG_WARN_EMPTY_BODY = YES;
				CLANG_WARN_ENUM_CONVERSION = YES;
				CLANG_WARN_INT_CONVERSION = YES;
				CLANG_WARN_OBJC_ROOT_CLASS = YES_ERROR;
				CLANG_WARN_UNREACHABLE_CODE = YES;
				CLANG_WARN__DUPLICATE_METHOD_MATCH = YES;
				"CODE_SIGN_IDENTITY[sdk=iphoneos*]" = "iPhone Developer";
				COPY_PHASE_STRIP = NO;
				DEBUG_INFORMATION_FORMAT = dwarf;
				ENABLE_STRICT_OBJC_MSGSEND = YES;
				ENABLE_TESTABILITY = YES;
				GCC_C_LANGUAGE_STANDARD = gnu99;
				GCC_DYNAMIC_NO_PIC = NO;
				GCC_NO_COMMON_BLOCKS = YES;
				GCC_OPTIMIZATION_LEVEL = 0;
				GCC_PREPROCESSOR_DEFINITIONS = (
					"DEBUG=1",
					"$(inherited)",
				);
				GCC_WARN_64_TO_32_BIT_CONVERSION = YES;
				GCC_WARN_ABOUT_RETURN_TYPE = YES_ERROR;
				GCC_WARN_UNDECLARED_SELECTOR = YES;
				GCC_WARN_UNINITIALIZED_AUTOS = YES_AGGRESSIVE;
				GCC_WARN_UNUSED_FUNCTION = YES;
				GCC_WARN_UNUSED_VARIABLE = YES;
				IPHONEOS_DEPLOYMENT_TARGET = 9.2;
				MTL_ENABLE_DEBUG_INFO = YES;
				ONLY_ACTIVE_ARCH = YES;
				SDKROOT = iphoneos;
				SWIFT_OPTIMIZATION_LEVEL = "-Onone";
				TARGETED_DEVICE_FAMILY = "1,2";
			};
			name = Debug;
		};
		4BCB9D951C9D27E500EEF026 /* Release */ = {
			isa = XCBuildConfiguration;
			buildSettings = {
				ALWAYS_SEARCH_USER_PATHS = NO;
				CLANG_CXX_LANGUAGE_STANDARD = "gnu++0x";
				CLANG_CXX_LIBRARY = "libc++";
				CLANG_ENABLE_MODULES = YES;
				CLANG_ENABLE_OBJC_ARC = YES;
				CLANG_WARN_BOOL_CONVERSION = YES;
				CLANG_WARN_CONSTANT_CONVERSION = YES;
				CLANG_WARN_DIRECT_OBJC_ISA_USAGE = YES_ERROR;
				CLANG_WARN_EMPTY_BODY = YES;
				CLANG_WARN_ENUM_CONVERSION = YES;
				CLANG_WARN_INT_CONVERSION = YES;
				CLANG_WARN_OBJC_ROOT_CLASS = YES_ERROR;
				CLANG_WARN_UNREACHABLE_CODE = YES;
				CLANG_WARN__DUPLICATE_METHOD_MATCH = YES;
				"CODE_SIGN_IDENTITY[sdk=iphoneos*]" = "iPhone Developer";
				COPY_PHASE_STRIP = NO;
				DEBUG_INFORMATION_FORMAT = "dwarf-with-dsym";
				ENABLE_NS_ASSERTIONS = NO;
				ENABLE_STRICT_OBJC_MSGSEND = YES;
				GCC_C_LANGUAGE_STANDARD = gnu99;
				GCC_NO_COMMON_BLOCKS = YES;
				GCC_WARN_64_TO_32_BIT_CONVERSION = YES;
				GCC_WARN_ABOUT_RETURN_TYPE = YES_ERROR;
				GCC_WARN_UNDECLARED_SELECTOR = YES;
				GCC_WARN_UNINITIALIZED_AUTOS = YES_AGGRESSIVE;
				GCC_WARN_UNUSED_FUNCTION = YES;
				GCC_WARN_UNUSED_VARIABLE = YES;
				IPHONEOS_DEPLOYMENT_TARGET = 9.2;
				MTL_ENABLE_DEBUG_INFO = NO;
				SDKROOT = iphoneos;
				TARGETED_DEVICE_FAMILY = "1,2";
				VALIDATE_PRODUCT = YES;
			};
			name = Release;
		};
		4BCB9D971C9D27E500EEF026 /* Debug */ = {
			isa = XCBuildConfiguration;
			buildSettings = {
				ASSETCATALOG_COMPILER_APPICON_NAME = AppIcon;
				INFOPLIST_FILE = TouchTracker/Info.plist;
				LD_RUNPATH_SEARCH_PATHS = "$(inherited) @executable_path/Frameworks";
				PRODUCT_BUNDLE_IDENTIFIER = com.jackiezhang.TouchTracker;
				PRODUCT_NAME = "$(TARGET_NAME)";
			};
			name = Debug;
		};
		4BCB9D981C9D27E500EEF026 /* Release */ = {
			isa = XCBuildConfiguration;
			buildSettings = {
				ASSETCATALOG_COMPILER_APPICON_NAME = AppIcon;
				INFOPLIST_FILE = TouchTracker/Info.plist;
				LD_RUNPATH_SEARCH_PATHS = "$(inherited) @executable_path/Frameworks";
				PRODUCT_BUNDLE_IDENTIFIER = com.jackiezhang.TouchTracker;
				PRODUCT_NAME = "$(TARGET_NAME)";
			};
			name = Release;
		};
/* End XCBuildConfiguration section */

/* Begin XCConfigurationList section */
		4BCB9D7F1C9D27E500EEF026 /* Build configuration list for PBXProject "TouchTracker" */ = {
			isa = XCConfigurationList;
			buildConfigurations = (
				4BCB9D941C9D27E500EEF026 /* Debug */,
				4BCB9D951C9D27E500EEF026 /* Release */,
			);
			defaultConfigurationIsVisible = 0;
			defaultConfigurationName = Release;
		};
		4BCB9D961C9D27E500EEF026 /* Build configuration list for PBXNativeTarget "TouchTracker" */ = {
			isa = XCConfigurationList;
			buildConfigurations = (
				4BCB9D971C9D27E500EEF026 /* Debug */,
				4BCB9D981C9D27E500EEF026 /* Release */,
			);
			defaultConfigurationIsVisible = 0;
		};
/* End XCConfigurationList section */
	};
	rootObject = 4BCB9D7C1C9D27E500EEF026 /* Project object */;
}
